
Microsoft Visual Studio Solution File, Format Version 12.00
# Visual Studio Version 17
VisualStudioVersion = 17.10.35013.160
MinimumVisualStudioVersion = 10.0.40219.1
Project("{9A19103F-16F7-4668-BE54-9A1E7A4F7556}") = "EmailConsumer", "EmailConsumer\EmailConsumer\EmailConsumer.csproj", "{B35401E5-112B-42B4-BBA3-68EBF1D2BAB6}"
EndProject
Project("{9A19103F-16F7-4668-BE54-9A1E7A4F7556}") = "EmailProducer", "EmailProducer\EmailProducer\EmailProducer.csproj", "{11E88B75-75F2-4C78-9B11-1F5189326846}"
EndProject
Global
	GlobalSection(SolutionConfigurationPlatforms) = preSolution
		Debug|Any CPU = Debug|Any CPU
		Release|Any CPU = Release|Any CPU
	EndGlobalSection
	GlobalSection(ProjectConfigurationPlatforms) = postSolution
		{B35401E5-112B-42B4-BBA3-68EBF1D2BAB6}.Debug|Any CPU.ActiveCfg = Debug|Any CPU
		{B35401E5-112B-42B4-BBA3-68EBF1D2BAB6}.Debug|Any CPU.Build.0 = Debug|Any CPU
		{B35401E5-112B-42B4-BBA3-68EBF1D2BAB6}.Release|Any CPU.ActiveCfg = Release|Any CPU
		{B35401E5-112B-42B4-BBA3-68EBF1D2BAB6}.Release|Any CPU.Build.0 = Release|Any CPU
		{11E88B75-75F2-4C78-9B11-1F5189326846}.Debug|Any CPU.ActiveCfg = Debug|Any CPU
		{11E88B75-75F2-4C78-9B11-1F5189326846}.Debug|Any CPU.Build.0 = Debug|Any CPU
		{11E88B75-75F2-4C78-9B11-1F5189326846}.Release|Any CPU.ActiveCfg = Release|Any CPU
		{11E88B75-75F2-4C78-9B11-1F5189326846}.Release|Any CPU.Build.0 = Release|Any CPU
	EndGlobalSection
	GlobalSection(SolutionProperties) = preSolution
		HideSolutionNode = FALSE
	EndGlobalSection
	GlobalSection(ExtensibilityGlobals) = postSolution
		SolutionGuid = {4B969356-313E-4BE4-950C-2EEB7E6DDD33}
	EndGlobalSection
EndGlobal
